version: 1.0
shards:
  db:
    github: crystal-lang/crystal-db
    version: 0.4.3

  envy:
    github: petoem/envy
    commit: efe1c6436939d0c509b0c28e6babd89588119b97

  kemal:
    github: kemalcr/kemal
    commit: 

  kilt:
    github: jeromegn/kilt
    version: 0.4.0

  pg:
    github: will/crystal-pg
    version: 0.13.4

  radix:
    github: luislavena/radix
    version: 0.3.8

